
Microsoft Visual Studio Solution File, Format Version 12.00
# Visual Studio 14
VisualStudioVersion = 14.0.25123.0
MinimumVisualStudioVersion = 10.0.40219.1
Project("{FAE04EC0-301F-11D3-BF4B-00C04F79EFBC}") = "RPG", "RPG\RPG.csproj", "{5F2332B4-9370-43F9-AED8-2DE4BD433B75}"
EndProject
Global
	GlobalSection(SolutionConfigurationPlatforms) = preSolution
		Debug|Any CPU = Debug|Any CPU
		Debug|x86 = Debug|x86
		Release|Any CPU = Release|Any CPU
		Release|x86 = Release|x86
	EndGlobalSection
	GlobalSection(ProjectConfigurationPlatforms) = postSolution
		{5F2332B4-9370-43F9-AED8-2DE4BD433B75}.Debug|Any CPU.ActiveCfg = Debug|x86
		{5F2332B4-9370-43F9-AED8-2DE4BD433B75}.Debug|Any CPU.Deploy.0 = Debug|x86
		{5F2332B4-9370-43F9-AED8-2DE4BD433B75}.Debug|x86.ActiveCfg = Debug|x86
		{5F2332B4-9370-43F9-AED8-2DE4BD433B75}.Debug|x86.Build.0 = Debug|x86
		{5F2332B4-9370-43F9-AED8-2DE4BD433B75}.Release|Any CPU.ActiveCfg = Release|x86
		{5F2332B4-9370-43F9-AED8-2DE4BD433B75}.Release|x86.ActiveCfg = Release|x86
		{5F2332B4-9370-43F9-AED8-2DE4BD433B75}.Release|x86.Build.0 = Release|x86
	EndGlobalSection
	GlobalSection(SolutionProperties) = preSolution
		HideSolutionNode = FALSE
	EndGlobalSection
	GlobalSection(ExtensibilityGlobals) = postSolution
		SolutionGuid = {460DF214-7F51-4A1B-91A9-D500E3947AEC}
	EndGlobalSection
EndGlobal
